
Microsoft Visual Studio Solution File, Format Version 12.00
# Visual Studio 15
VisualStudioVersion = 15.0.28306.52
MinimumVisualStudioVersion = 10.0.40219.1
Project("{FAE04EC0-301F-11D3-BF4B-00C04F79EFBC}") = "FinalGrpXML", "FinalGrpXML\FinalGrpXML.csproj", "{4ACBE6B2-C7B2-44A6-9990-DAD807376252}"
EndProject
Global
	GlobalSection(SolutionConfigurationPlatforms) = preSolution
		Debug|Any CPU = Debug|Any CPU
		Release|Any CPU = Release|Any CPU
	EndGlobalSection
	GlobalSection(ProjectConfigurationPlatforms) = postSolution
		{4ACBE6B2-C7B2-44A6-9990-DAD807376252}.Debug|Any CPU.ActiveCfg = Debug|Any CPU
		{4ACBE6B2-C7B2-44A6-9990-DAD807376252}.Debug|Any CPU.Build.0 = Debug|Any CPU
		{4ACBE6B2-C7B2-44A6-9990-DAD807376252}.Release|Any CPU.ActiveCfg = Release|Any CPU
		{4ACBE6B2-C7B2-44A6-9990-DAD807376252}.Release|Any CPU.Build.0 = Release|Any CPU
	EndGlobalSection
	GlobalSection(SolutionProperties) = preSolution
		HideSolutionNode = FALSE
	EndGlobalSection
	GlobalSection(ExtensibilityGlobals) = postSolution
		SolutionGuid = {34592D4D-1DA0-44E4-8FFD-2245080F6504}
	EndGlobalSection
EndGlobal
